# THIS IS AN AUTOGENERATED FILE. DO NOT EDIT THIS FILE DIRECTLY.
# yarn lockfile v1


"@babel/runtime@^7.18.9", "@babel/runtime@^7.19.4":
  version "7.19.4"
  resolved "https://registry.yarnpkg.com/@babel/runtime/-/runtime-7.19.4.tgz#a42f814502ee467d55b38dd1c256f53a7b885c78"
  integrity sha512-EXpLCrk55f+cYqmHsSR+yD/0gAIMxxA9QK9lnQWzhMCvt+YmoBN7Zx94s++Kv0+unHk39vxNO8t+CMA2WSS3wA==
  dependencies:
    regenerator-runtime "^0.13.4"

"@noble/hashes@1.1.3":
  version "1.1.3"
  resolved "https://registry.yarnpkg.com/@noble/hashes/-/hashes-1.1.3.tgz#360afc77610e0a61f3417e497dcf36862e4f8111"
  integrity sha512-CE0FCR57H2acVI5UOzIGSSIYxZ6v/HOhDR0Ro9VLyhnzLwx0o8W1mmgaqlEUx4049qJDlIBRztv5k+MM8vbO3A==

"@noble/secp256k1@1.7.0":
  version "1.7.0"
  resolved "https://registry.yarnpkg.com/@noble/secp256k1/-/secp256k1-1.7.0.tgz#d15357f7c227e751d90aa06b05a0e5cf993ba8c1"
  integrity sha512-kbacwGSsH/CTout0ZnZWxnW1B+jH/7r/WAAKLBtrRJ/+CUH7lgmQzl3GTrQua3SGKWNSDsS6lmjnDpIJ5Dxyaw==

"@polkadot/api-augment@9.5.2":
  version "9.5.2"
  resolved "https://registry.yarnpkg.com/@polkadot/api-augment/-/api-augment-9.5.2.tgz#55168dd112517028fea5f2ab9c54ea627e43ac3a"
  integrity sha512-dH6QMY8Z3zI6CrgSU3eSe6f0KWDb5PYGztg/FXGPrjh7Vjic7syWZ1LD6zaHJAFWDp80BEdEXfqr4lConrCKGg==
  dependencies:
    "@babel/runtime" "^7.19.4"
    "@polkadot/api-base" "9.5.2"
    "@polkadot/rpc-augment" "9.5.2"
    "@polkadot/types" "9.5.2"
    "@polkadot/types-augment" "9.5.2"
    "@polkadot/types-codec" "9.5.2"
    "@polkadot/util" "^10.1.11"

"@polkadot/api-base@9.5.2":
  version "9.5.2"
  resolved "https://registry.yarnpkg.com/@polkadot/api-base/-/api-base-9.5.2.tgz#ac0a6b5546a54bcc753ac55c9f033caa9f8b4e5c"
  integrity sha512-BBsH9SLB1FHgjdiU32cZX1puL3Eh8IjOJHjRsO/5SdttciQhF5g/u/m/mM/55qnlXmffI9s2Jre18G0XtVU9Aw==
  dependencies:
    "@babel/runtime" "^7.19.4"
    "@polkadot/rpc-core" "9.5.2"
    "@polkadot/types" "9.5.2"
    "@polkadot/util" "^10.1.11"
    rxjs "^7.5.7"

"@polkadot/api-derive@9.5.2":
  version "9.5.2"
  resolved "https://registry.yarnpkg.com/@polkadot/api-derive/-/api-derive-9.5.2.tgz#c0412cfc13fa71f93b315d126b12b5ab38e6438c"
  integrity sha512-kWn12dlqfIES1trNLd3O1i2qa4T97v/co1VMCgVstICwCt3+mGZgpxkMqQqPiWHagKEVeBNoAn+h8eOiQlbujA==
  dependencies:
    "@babel/runtime" "^7.19.4"
    "@polkadot/api" "9.5.2"
    "@polkadot/api-augment" "9.5.2"
    "@polkadot/api-base" "9.5.2"
    "@polkadot/rpc-core" "9.5.2"
    "@polkadot/types" "9.5.2"
    "@polkadot/types-codec" "9.5.2"
    "@polkadot/util" "^10.1.11"
    "@polkadot/util-crypto" "^10.1.11"
    rxjs "^7.5.7"

"@polkadot/api@9.5.2", "@polkadot/api@^9.5.2":
  version "9.5.2"
  resolved "https://registry.yarnpkg.com/@polkadot/api/-/api-9.5.2.tgz#cef83928e47c393fbebf2788bc86841b6ab37a41"
  integrity sha512-iEF/E8vQan3fHmIEl3bX7Yn/1jQLlvSDwPOxiQdj4tIcF36HX6vCbkdhQKRif0CNYES58TA9EKFiCNg81k+kXw==
  dependencies:
    "@babel/runtime" "^7.19.4"
    "@polkadot/api-augment" "9.5.2"
    "@polkadot/api-base" "9.5.2"
    "@polkadot/api-derive" "9.5.2"
    "@polkadot/keyring" "^10.1.11"
    "@polkadot/rpc-augment" "9.5.2"
    "@polkadot/rpc-core" "9.5.2"
    "@polkadot/rpc-provider" "9.5.2"
    "@polkadot/types" "9.5.2"
    "@polkadot/types-augment" "9.5.2"
    "@polkadot/types-codec" "9.5.2"
    "@polkadot/types-create" "9.5.2"
    "@polkadot/types-known" "9.5.2"
    "@polkadot/util" "^10.1.11"
    "@polkadot/util-crypto" "^10.1.11"
    eventemitter3 "^4.0.7"
    rxjs "^7.5.7"

"@polkadot/keyring@^10.1.11":
  version "10.1.11"
  resolved "https://registry.yarnpkg.com/@polkadot/keyring/-/keyring-10.1.11.tgz#a3fed011b0c8826ea2097e04f7189e9be66fbf98"
  integrity sha512-Nv8cZaOA/KbdslDMTklJ58+y+UPpic3+oMQoozuq48Ccjv7WeW2BX47XM/RNE8nYFg6EHa6Whfm4IFaFb8s7ag==
  dependencies:
    "@babel/runtime" "^7.19.4"
    "@polkadot/util" "10.1.11"
    "@polkadot/util-crypto" "10.1.11"

"@polkadot/networks@10.1.11", "@polkadot/networks@^10.1.11":
  version "10.1.11"
  resolved "https://registry.yarnpkg.com/@polkadot/networks/-/networks-10.1.11.tgz#96a5d6c80228f4beada9154cca0f60a63198e7f4"
  integrity sha512-4FfOVETXwh6PL6wd6fYJMkRSQKm+xUw3vR5rHqcAnB696FpMFPPErc6asgZ9lYMyzNJRY3yG86HQpFhtCv1nGA==
  dependencies:
    "@babel/runtime" "^7.19.4"
    "@polkadot/util" "10.1.11"
    "@substrate/ss58-registry" "^1.33.0"

"@polkadot/rpc-augment@9.5.2":
  version "9.5.2"
  resolved "https://registry.yarnpkg.com/@polkadot/rpc-augment/-/rpc-augment-9.5.2.tgz#739cc3ed2f86f4318432e38381a2cc780dc64f1e"
  integrity sha512-QAcunC7p/T4xy6e4m0Q1c9tiVYxnm+S9o10tmtx0K4qXzrc/4I2/tsw3nEGi3BzJhvMpFondSQGcJ3gyLwpmVA==
  dependencies:
    "@babel/runtime" "^7.19.4"
    "@polkadot/rpc-core" "9.5.2"
    "@polkadot/types" "9.5.2"
    "@polkadot/types-codec" "9.5.2"
    "@polkadot/util" "^10.1.11"

"@polkadot/rpc-core@9.5.2":
  version "9.5.2"
  resolved "https://registry.yarnpkg.com/@polkadot/rpc-core/-/rpc-core-9.5.2.tgz#1a00868038b6c07fe8f58bd0a6cc9519d14001cc"
  integrity sha512-4PbNz0GEp3FXYOnsS7mDHZy9DNVBOl56fq8vs09rLkEkrrvGkHmCvabEEWL7OPbwBzwzsCxdgI+IdkVTUKXPkQ==
  dependencies:
    "@babel/runtime" "^7.19.4"
    "@polkadot/rpc-augment" "9.5.2"
    "@polkadot/rpc-provider" "9.5.2"
    "@polkadot/types" "9.5.2"
    "@polkadot/util" "^10.1.11"
    rxjs "^7.5.7"

"@polkadot/rpc-provider@9.5.2":
  version "9.5.2"
  resolved "https://registry.yarnpkg.com/@polkadot/rpc-provider/-/rpc-provider-9.5.2.tgz#3e38ea4c3639180f12270b6fe8cbcabf728aaf1d"
  integrity sha512-Sn2jfvAsvQcl35o0up8JR/XbDMS/3YVDEN2sFuzXtiD77W2njukItbZT+BolfAW+biAUs3bNomump5k/YLiLKg==
  dependencies:
    "@babel/runtime" "^7.19.4"
    "@polkadot/keyring" "^10.1.11"
    "@polkadot/types" "9.5.2"
    "@polkadot/types-support" "9.5.2"
    "@polkadot/util" "^10.1.11"
    "@polkadot/util-crypto" "^10.1.11"
    "@polkadot/x-fetch" "^10.1.11"
    "@polkadot/x-global" "^10.1.11"
    "@polkadot/x-ws" "^10.1.11"
    "@substrate/connect" "0.7.14"
    eventemitter3 "^4.0.7"
    mock-socket "^9.1.5"
    nock "^13.2.9"

"@polkadot/types-augment@9.5.2":
  version "9.5.2"
  resolved "https://registry.yarnpkg.com/@polkadot/types-augment/-/types-augment-9.5.2.tgz#d9e77756b0e36455d708f5af8265ef011ddf8d91"
  integrity sha512-LDJdv/84sECwA0R5lK85/orxjoozJe3+2jeLjRiKr8S6qm9XRfz0wLCSF866kpSGBZ4B1dYBUhzjoSu95y2Jug==
  dependencies:
    "@babel/runtime" "^7.19.4"
    "@polkadot/types" "9.5.2"
    "@polkadot/types-codec" "9.5.2"
    "@polkadot/util" "^10.1.11"

"@polkadot/types-codec@9.5.2":
  version "9.5.2"
  resolved "https://registry.yarnpkg.com/@polkadot/types-codec/-/types-codec-9.5.2.tgz#345c38ccef17651b8cabd159a42810893b5e7e44"
  integrity sha512-FJPjE3ceTGTcadeC8d5C+aSR8SLKuQrXKIBmMNBky+WwzEo0vufRqxFWcPLxAOEeeUPgBXS967tP15+UU4psGA==
  dependencies:
    "@babel/runtime" "^7.19.4"
    "@polkadot/util" "^10.1.11"
    "@polkadot/x-bigint" "^10.1.11"

"@polkadot/types-create@9.5.2":
  version "9.5.2"
  resolved "https://registry.yarnpkg.com/@polkadot/types-create/-/types-create-9.5.2.tgz#a85dcb794ea11e5d528baa34b65e57cfafc905cf"
  integrity sha512-YbplL8K0LqUEHoV3FgZ5B83oVV67KGbLXsWHVVaUZBPsmtXJXrbBfSyJgl/80I2n4lXEBmg3sFAYMbaSTvL05A==
  dependencies:
    "@babel/runtime" "^7.19.4"
    "@polkadot/types-codec" "9.5.2"
    "@polkadot/util" "^10.1.11"

"@polkadot/types-known@9.5.2":
  version "9.5.2"
  resolved "https://registry.yarnpkg.com/@polkadot/types-known/-/types-known-9.5.2.tgz#a71fd08932b1643bbf346321472ed48ab1ade215"
  integrity sha512-iNaGOF6dGiTvy3Ns8Z7WNjYD1SGnZiapDAKPH4brPuJqMpN6/FxYpfPSSOKx+IJEamsdINcaggb87eWyPxH8CA==
  dependencies:
    "@babel/runtime" "^7.19.4"
    "@polkadot/networks" "^10.1.11"
    "@polkadot/types" "9.5.2"
    "@polkadot/types-codec" "9.5.2"
    "@polkadot/types-create" "9.5.2"
    "@polkadot/util" "^10.1.11"

"@polkadot/types-support@9.5.2":
  version "9.5.2"
  resolved "https://registry.yarnpkg.com/@polkadot/types-support/-/types-support-9.5.2.tgz#f2990d19cbd78c24e5b7116466fb1d89f93a8ca7"
  integrity sha512-Zdbl5fvGQjUkyE1r67vhyPEqLUwlZ35GCnkoobY9MgN6gylhSjNue/shpG4uGsEjWVQL7GkFkrPiwtzDArVilg==
  dependencies:
    "@babel/runtime" "^7.19.4"
    "@polkadot/util" "^10.1.11"

"@polkadot/types@9.5.2":
  version "9.5.2"
  resolved "https://registry.yarnpkg.com/@polkadot/types/-/types-9.5.2.tgz#33ab2caea08f084141a01038adbe53ed69ab7d9c"
  integrity sha512-6C5xzOrMK+fu0JMOlSO+8dPDhpwKPOaKMv3v5BMvBEWtDNKM81/QQoAoYT7DSVXq/V16icSFxPs9IWC+6Qq5ag==
  dependencies:
    "@babel/runtime" "^7.19.4"
    "@polkadot/keyring" "^10.1.11"
    "@polkadot/types-augment" "9.5.2"
    "@polkadot/types-codec" "9.5.2"
    "@polkadot/types-create" "9.5.2"
    "@polkadot/util" "^10.1.11"
    "@polkadot/util-crypto" "^10.1.11"
    rxjs "^7.5.7"

"@polkadot/util-crypto@10.1.11", "@polkadot/util-crypto@^10.1.11":
  version "10.1.11"
  resolved "https://registry.yarnpkg.com/@polkadot/util-crypto/-/util-crypto-10.1.11.tgz#e59bdc8e1e2bd98a115e2e2ed45461e68a14a48c"
  integrity sha512-wG63frIMAR5T/HXGM0SFNzZZdk7qDBsfLXfn6PIZiXCCCsdEYPzS5WltB7fkhicYpbePJ7VgdCAddj1l4IcGyg==
  dependencies:
    "@babel/runtime" "^7.19.4"
    "@noble/hashes" "1.1.3"
    "@noble/secp256k1" "1.7.0"
    "@polkadot/networks" "10.1.11"
    "@polkadot/util" "10.1.11"
    "@polkadot/wasm-crypto" "^6.3.1"
    "@polkadot/x-bigint" "10.1.11"
    "@polkadot/x-randomvalues" "10.1.11"
    "@scure/base" "1.1.1"
    ed2curve "^0.3.0"
    tweetnacl "^1.0.3"

"@polkadot/util@10.1.11", "@polkadot/util@^10.1.11":
  version "10.1.11"
  resolved "https://registry.yarnpkg.com/@polkadot/util/-/util-10.1.11.tgz#22bcdabbd7a0d266417f6569cc655f516d371a82"
  integrity sha512-6m51lw6g6ilqO/k4BQY7rD0lYM9NCnC4FiM7CEEUc7j8q86qxdcZ88zdNldkhNsTIQnfmCtkK3GRzZW6VYrbUw==
  dependencies:
    "@babel/runtime" "^7.19.4"
    "@polkadot/x-bigint" "10.1.11"
    "@polkadot/x-global" "10.1.11"
    "@polkadot/x-textdecoder" "10.1.11"
    "@polkadot/x-textencoder" "10.1.11"
    "@types/bn.js" "^5.1.1"
    bn.js "^5.2.1"

"@polkadot/wasm-bridge@6.3.1":
  version "6.3.1"
  resolved "https://registry.yarnpkg.com/@polkadot/wasm-bridge/-/wasm-bridge-6.3.1.tgz#439fa78e80947a7cb695443e1f64b25c30bb1487"
  integrity sha512-1TYkHsb9AEFhU9uZj3biEnN2yKQNzdrwSjiTvfCYnt97pnEkKsZI6cku+YPZQv5w/x9CQa5Yua9e2DVVZSivGA==
  dependencies:
    "@babel/runtime" "^7.18.9"

"@polkadot/wasm-crypto-asmjs@6.3.1":
  version "6.3.1"
  resolved "https://registry.yarnpkg.com/@polkadot/wasm-crypto-asmjs/-/wasm-crypto-asmjs-6.3.1.tgz#e8f469c9cf4a7709c8131a96f857291953f3e30a"
  integrity sha512-zbombRfA5v/mUWQQhgg2YwaxhRmxRIrvskw65x+lruax3b6xPBFDs7yplopiJU3r8h2pTgQvX/DUksvqz2TCRQ==
  dependencies:
    "@babel/runtime" "^7.18.9"

"@polkadot/wasm-crypto-init@6.3.1":
  version "6.3.1"
  resolved "https://registry.yarnpkg.com/@polkadot/wasm-crypto-init/-/wasm-crypto-init-6.3.1.tgz#b590220c53c94b9a54d5dc236d0cbe943db76706"
  integrity sha512-9yaUBcu+snwjJLmPPGl3cyGRQ1afyFGm16qzTM0sgG/ZCfUlK4uk8KWZe+sBUKgoxb2oXY7Y4WklKgQI1YBdfw==
  dependencies:
    "@babel/runtime" "^7.18.9"
    "@polkadot/wasm-bridge" "6.3.1"
    "@polkadot/wasm-crypto-asmjs" "6.3.1"
    "@polkadot/wasm-crypto-wasm" "6.3.1"

"@polkadot/wasm-crypto-wasm@6.3.1":
  version "6.3.1"
  resolved "https://registry.yarnpkg.com/@polkadot/wasm-crypto-wasm/-/wasm-crypto-wasm-6.3.1.tgz#67f720e7f9694fef096abe9d60abbac02e032383"
  integrity sha512-idSlzKGVzCfeCMRHsacRvqwojSaTadFxL/Dbls4z1thvfa3U9Ku0d2qVtlwg7Hj+tYWDiuP8Kygs+6bQwfs0XA==
  dependencies:
    "@babel/runtime" "^7.18.9"
    "@polkadot/wasm-util" "6.3.1"

"@polkadot/wasm-crypto@^6.3.1":
  version "6.3.1"
  resolved "https://registry.yarnpkg.com/@polkadot/wasm-crypto/-/wasm-crypto-6.3.1.tgz#63f5798aca2b2ff0696f190e6862d9781d8f280c"
  integrity sha512-OO8h0qeVkqp4xYZaRVl4iuWOEtq282pNBHDKb6SOJuI2g59eWGcKh4EQU9Me2VP6qzojIqptrkrVt7KQXC68gA==
  dependencies:
    "@babel/runtime" "^7.18.9"
    "@polkadot/wasm-bridge" "6.3.1"
    "@polkadot/wasm-crypto-asmjs" "6.3.1"
    "@polkadot/wasm-crypto-init" "6.3.1"
    "@polkadot/wasm-crypto-wasm" "6.3.1"
    "@polkadot/wasm-util" "6.3.1"

"@polkadot/wasm-util@6.3.1":
  version "6.3.1"
  resolved "https://registry.yarnpkg.com/@polkadot/wasm-util/-/wasm-util-6.3.1.tgz#439ebb68a436317af388ed6438b8f879df3afcda"
  integrity sha512-12oAv5J7Yoc9m6jixrSaQCxpOkWOyzHx3DMC8qmLjRiwdBWxqLmImOVRVnFsbaxqSbhBIHRuJphVxWE+GZETDg==
  dependencies:
    "@babel/runtime" "^7.18.9"

"@polkadot/x-bigint@10.1.11", "@polkadot/x-bigint@^10.1.11":
  version "10.1.11"
  resolved "https://registry.yarnpkg.com/@polkadot/x-bigint/-/x-bigint-10.1.11.tgz#7d62ce10cccd55b86a415342db95b9feeb099776"
  integrity sha512-TC4KZ+ni/SJhcf/LIwD49C/kwvACu0nCchETNO+sAfJ7COXZwHDUJXVXmwN5PgkQxwsWsKKuJmzR/Fi1bgMWnQ==
  dependencies:
    "@babel/runtime" "^7.19.4"
    "@polkadot/x-global" "10.1.11"

"@polkadot/x-fetch@^10.1.11":
  version "10.1.11"
  resolved "https://registry.yarnpkg.com/@polkadot/x-fetch/-/x-fetch-10.1.11.tgz#8f579bb166096c977acff91a40b3848fb5581900"
  integrity sha512-WtyUr9itVD9BLnxCUloJ1iwrXOY/lnlEShEYKHcSm6MIHtbJolePd3v1+o5mOX+bdDbHXhPZnH8anCCqDNDRqg==
  dependencies:
    "@babel/runtime" "^7.19.4"
    "@polkadot/x-global" "10.1.11"
    "@types/node-fetch" "^2.6.2"
    node-fetch "^3.2.10"

"@polkadot/x-global@10.1.11", "@polkadot/x-global@^10.1.11":
  version "10.1.11"
  resolved "https://registry.yarnpkg.com/@polkadot/x-global/-/x-global-10.1.11.tgz#37dda3ef1cebfd14c68c69279ae6521957817866"
  integrity sha512-bWz5gdcELy6+xfr27R1GE5MPX4nfVlchzHQH+DR6OBbSi9g/PeycQAvFB6IkTmP+YEbNNtIpxnSP37zoUaG3xw==
  dependencies:
    "@babel/runtime" "^7.19.4"

"@polkadot/x-randomvalues@10.1.11":
  version "10.1.11"
  resolved "https://registry.yarnpkg.com/@polkadot/x-randomvalues/-/x-randomvalues-10.1.11.tgz#f9e088f8b400770d3e53ba9e0c0f0d464047f89e"
  integrity sha512-V2V37f5hoM5B32eCpGw87Lwstin2+ArXhOZ8ENKncbQLXzbF9yTODueDoA5Vt0MJCs2CDP9cyiCYykcanqVkxg==
  dependencies:
    "@babel/runtime" "^7.19.4"
    "@polkadot/x-global" "10.1.11"

"@polkadot/x-textdecoder@10.1.11":
  version "10.1.11"
  resolved "https://registry.yarnpkg.com/@polkadot/x-textdecoder/-/x-textdecoder-10.1.11.tgz#314c79e27545a41fe0494a26196bf2dff5cfcb5d"
  integrity sha512-QZqie04SR6pAj260PaLBfZUGXWKI357t4ROVJhpaj06qc1zrk1V8Mwkr49+WzjAPFEOqo70HWnzXmPNCH4dQiw==
  dependencies:
    "@babel/runtime" "^7.19.4"
    "@polkadot/x-global" "10.1.11"

"@polkadot/x-textencoder@10.1.11":
  version "10.1.11"
  resolved "https://registry.yarnpkg.com/@polkadot/x-textencoder/-/x-textencoder-10.1.11.tgz#23b18b3ffbc649572728aa37d7787432bb3a03b5"
  integrity sha512-UX+uV9AbDID81waaG/NvTkkf7ZNVW7HSHaddgbWjQEVW2Ex4ByccBarY5jEi6cErEPKfzCamKhgXflu0aV9LWw==
  dependencies:
    "@babel/runtime" "^7.19.4"
    "@polkadot/x-global" "10.1.11"

"@polkadot/x-ws@^10.1.11":
  version "10.1.11"
  resolved "https://registry.yarnpkg.com/@polkadot/x-ws/-/x-ws-10.1.11.tgz#7431ad72064d56519d4293278f03ae97b9ea9271"
  integrity sha512-EUbL/R1A/NxYf6Rnb1M7U9yeTuo5r4y2vcQllE5aBLaQ0cFnRykHzlmZlVX1E7O5uy3lYVdxWC7sNgxItIWkWA==
  dependencies:
    "@babel/runtime" "^7.19.4"
    "@polkadot/x-global" "10.1.11"
    "@types/websocket" "^1.0.5"
    websocket "^1.0.34"

"@scure/base@1.1.1":
  version "1.1.1"
  resolved "https://registry.yarnpkg.com/@scure/base/-/base-1.1.1.tgz#ebb651ee52ff84f420097055f4bf46cfba403938"
  integrity sha512-ZxOhsSyxYwLJj3pLZCefNitxsj093tb2vq90mp2txoYeBqbcjDjqFhyM8eUjq/uFm6zJ+mUuqxlS2FkuSY1MTA==

"@substrate/connect-extension-protocol@^1.0.1":
  version "1.0.1"
  resolved "https://registry.yarnpkg.com/@substrate/connect-extension-protocol/-/connect-extension-protocol-1.0.1.tgz#fa5738039586c648013caa6a0c95c43265dbe77d"
  integrity sha512-161JhCC1csjH3GE5mPLEd7HbWtwNSPJBg3p1Ksz9SFlTzj/bgEwudiRN2y5i0MoLGCIJRYKyKGMxVnd29PzNjg==

"@substrate/connect@0.7.14":
  version "0.7.14"
  resolved "https://registry.yarnpkg.com/@substrate/connect/-/connect-0.7.14.tgz#c090e952e9cdd93185a94d24fbc424ea20fe7bbe"
  integrity sha512-uW5uBmihpivshmmmw+rsg7qOV0KqVSep4rWOXFMP8aFQinvmqw4JqxP21og4H/7JZxttYUBFQVsdtXHGKJ0aVQ==
  dependencies:
    "@substrate/connect-extension-protocol" "^1.0.1"
    "@substrate/smoldot-light" "0.6.34"
    eventemitter3 "^4.0.7"

"@substrate/smoldot-light@0.6.34":
  version "0.6.34"
  resolved "https://registry.yarnpkg.com/@substrate/smoldot-light/-/smoldot-light-0.6.34.tgz#273dba622102281fd0fdb0e375198bff2ec584c3"
  integrity sha512-+HK9MaJ0HelJmpf4YYR+salJ7dhVBltmhGlyz5l8OXS9DW18fe0Z2wxEo8P5kX9CUxlCXEb8J9JBRQAYBPHbwQ==
  dependencies:
    pako "^2.0.4"
    ws "^8.8.1"

"@substrate/ss58-registry@^1.33.0":
  version "1.33.0"
  resolved "https://registry.yarnpkg.com/@substrate/ss58-registry/-/ss58-registry-1.33.0.tgz#b93218fc86405769716b02f0ce5e61df221b37ae"
  integrity sha512-DztMuMcEfu+tJrtIQIIp5gO8/XJZ8N8UwPObDCSNgrp7trtSkPJAUFB9qXaReXtN9UvTcVBMTWk6VPfFi04Wkg==

"@types/bn.js@^5.1.1":
  version "5.1.1"
  resolved "https://registry.yarnpkg.com/@types/bn.js/-/bn.js-5.1.1.tgz#b51e1b55920a4ca26e9285ff79936bbdec910682"
  integrity sha512-qNrYbZqMx0uJAfKnKclPh+dTwK33KfLHYqtyODwd5HnXOjnkhc4qgn3BrK6RWyGZm5+sIFE7Q7Vz6QQtJB7w7g==
  dependencies:
    "@types/node" "*"

"@types/node-fetch@^2.6.2":
  version "2.6.2"
  resolved "https://registry.yarnpkg.com/@types/node-fetch/-/node-fetch-2.6.2.tgz#d1a9c5fd049d9415dce61571557104dec3ec81da"
  integrity sha512-DHqhlq5jeESLy19TYhLakJ07kNumXWjcDdxXsLUMJZ6ue8VZJj4kLPQVE/2mdHh3xZziNF1xppu5lwmS53HR+A==
  dependencies:
    "@types/node" "*"
    form-data "^3.0.0"

"@types/node@*":
  version "18.11.0"
  resolved "https://registry.yarnpkg.com/@types/node/-/node-18.11.0.tgz#f38c7139247a1d619f6cc6f27b072606af7c289d"
  integrity sha512-IOXCvVRToe7e0ny7HpT/X9Rb2RYtElG1a+VshjwT00HxrM2dWBApHQoqsI6WiY7Q03vdf2bCrIGzVrkF/5t10w==

"@types/secp256k1@^4.0.3":
  version "4.0.3"
  resolved "https://registry.yarnpkg.com/@types/secp256k1/-/secp256k1-4.0.3.tgz#1b8e55d8e00f08ee7220b4d59a6abe89c37a901c"
  integrity sha512-Da66lEIFeIz9ltsdMZcpQvmrmmoqrfju8pm1BH8WbYjZSwUgCwXLb9C+9XYogwBITnbsSaMdVPb2ekf7TV+03w==
  dependencies:
    "@types/node" "*"

"@types/websocket@^1.0.5":
  version "1.0.5"
  resolved "https://registry.yarnpkg.com/@types/websocket/-/websocket-1.0.5.tgz#3fb80ed8e07f88e51961211cd3682a3a4a81569c"
  integrity sha512-NbsqiNX9CnEfC1Z0Vf4mE1SgAJ07JnRYcNex7AJ9zAVzmiGHmjKFEk7O4TJIsgv2B1sLEb6owKFZrACwdYngsQ==
  dependencies:
    "@types/node" "*"

asynckit@^0.4.0:
  version "0.4.0"
  resolved "https://registry.yarnpkg.com/asynckit/-/asynckit-0.4.0.tgz#c79ed97f7f34cb8f2ba1bc9790bcc366474b4b79"
  integrity sha512-Oei9OH4tRh0YqU3GxhX79dM/mwVgvbZJaSNaRk+bshkj0S5cfHcgYakreBjrHwatXKbz+IoIdYLxrKim2MjW0Q==

axios@^0.24.0:
  version "0.24.0"
  resolved "https://registry.yarnpkg.com/axios/-/axios-0.24.0.tgz#804e6fa1e4b9c5288501dd9dff56a7a0940d20d6"
  integrity sha512-Q6cWsys88HoPgAaFAVUb0WpPk0O8iTeisR9IMqy9G8AbO4NlpVknrnQS03zzF9PGAWgO3cgletO3VjV/P7VztA==
  dependencies:
    follow-redirects "^1.14.4"

bn.js@^4.11.9:
  version "4.12.0"
  resolved "https://registry.yarnpkg.com/bn.js/-/bn.js-4.12.0.tgz#775b3f278efbb9718eec7361f483fb36fbbfea88"
  integrity sha512-c98Bf3tPniI+scsdk237ku1Dc3ujXQTSgyiPUDEOe7tRkhrqridvh8klBv0HCEso1OLOYcHuCv/cS6DNxKH+ZA==

bn.js@^5.2.1:
  version "5.2.1"
  resolved "https://registry.yarnpkg.com/bn.js/-/bn.js-5.2.1.tgz#0bc527a6a0d18d0aa8d5b0538ce4a77dccfa7b70"
  integrity sha512-eXRvHzWyYPBuB4NBy0cmYQjGitUrtqwbvlzP3G6VFnNRbsZQIxQ10PbKKHt8gZ/HW/D/747aDl+QkDqg3KQLMQ==

brorand@^1.1.0:
  version "1.1.0"
  resolved "https://registry.yarnpkg.com/brorand/-/brorand-1.1.0.tgz#12c25efe40a45e3c323eb8675a0a0ce57b22371f"
  integrity sha512-cKV8tMCEpQs4hK/ik71d6LrPOnpkpGBR0wzxqr68g2m/LB2GxVYQroAjMJZRVM1Y4BCjCKc3vAamxSzOY2RP+w==

bufferutil@^4.0.1:
  version "4.0.6"
  resolved "https://registry.yarnpkg.com/bufferutil/-/bufferutil-4.0.6.tgz#ebd6c67c7922a0e902f053e5d8be5ec850e48433"
  integrity sha512-jduaYOYtnio4aIAyc6UbvPCVcgq7nYpVnucyxr6eCYg/Woad9Hf/oxxBRDnGGjPfjUm6j5O/uBWhIu4iLebFaw==
  dependencies:
    node-gyp-build "^4.3.0"

combined-stream@^1.0.8:
  version "1.0.8"
  resolved "https://registry.yarnpkg.com/combined-stream/-/combined-stream-1.0.8.tgz#c3d45a8b34fd730631a110a8a2520682b31d5a7f"
  integrity sha512-FQN4MRfuJeHf7cBbBMJFXhKSDq+2kAArBlmRBvcvFE5BB1HZKXtSFASDhdlz9zOYwxh8lDdnvmMOe/+5cdoEdg==
  dependencies:
    delayed-stream "~1.0.0"

d@1, d@^1.0.1:
  version "1.0.1"
  resolved "https://registry.yarnpkg.com/d/-/d-1.0.1.tgz#8698095372d58dbee346ffd0c7093f99f8f9eb5a"
  integrity sha512-m62ShEObQ39CfralilEQRjH6oAMtNCV1xJyEx5LpRYUVN+EviphDgUc/F3hnYbADmkiNs67Y+3ylmlG7Lnu+FA==
  dependencies:
    es5-ext "^0.10.50"
    type "^1.0.1"

data-uri-to-buffer@^4.0.0:
  version "4.0.0"
  resolved "https://registry.yarnpkg.com/data-uri-to-buffer/-/data-uri-to-buffer-4.0.0.tgz#b5db46aea50f6176428ac05b73be39a57701a64b"
  integrity sha512-Vr3mLBA8qWmcuschSLAOogKgQ/Jwxulv3RNE4FXnYWRGujzrRWQI4m12fQqRkwX06C0KanhLr4hK+GydchZsaA==

debug@^2.2.0:
  version "2.6.9"
  resolved "https://registry.yarnpkg.com/debug/-/debug-2.6.9.tgz#5d128515df134ff327e90a4c93f4e077a536341f"
  integrity sha512-bC7ElrdJaJnPbAP+1EotYvqZsb3ecl5wi6Bfi6BJTUcNowp6cvspg0jXznRTKDjm/E7AdgFBVeAPVMNcKGsHMA==
  dependencies:
    ms "2.0.0"

debug@^4.1.0:
  version "4.3.4"
  resolved "https://registry.yarnpkg.com/debug/-/debug-4.3.4.tgz#1319f6579357f2338d3337d2cdd4914bb5dcc865"
  integrity sha512-PRWFHuSU3eDtQJPvnNY7Jcket1j0t5OuOsFzPPzsekD52Zl8qUfFIPEiswXqIvHWGVHOgX+7G/vCNNhehwxfkQ==
  dependencies:
    ms "2.1.2"

delayed-stream@~1.0.0:
  version "1.0.0"
  resolved "https://registry.yarnpkg.com/delayed-stream/-/delayed-stream-1.0.0.tgz#df3ae199acadfb7d440aaae0b29e2272b24ec619"
  integrity sha512-ZySD7Nf91aLB0RxL4KGrKHBXl7Eds1DAmEdcoVawXnLD7SDhpNgtuII2aAkg7a7QS41jxPSZ17p4VdGnMHk3MQ==

eciesjs@^0.3.12:
  version "0.3.15"
  resolved "https://registry.yarnpkg.com/eciesjs/-/eciesjs-0.3.15.tgz#614fd3251a72c063b6a0a9a8dbbfe89aafc94b7a"
  integrity sha512-8hMcxjgUCSyastAK+BkFAzojRR/wqJNUkp20a0Yw8PudTSeHB57kjcl9x2jkaTVCG2NJwSTdJkM6RcUpqnY+Zw==
  dependencies:
    "@types/secp256k1" "^4.0.3"
    futoin-hkdf "^1.5.1"
    secp256k1 "^4.0.3"

ed2curve@^0.3.0:
  version "0.3.0"
  resolved "https://registry.yarnpkg.com/ed2curve/-/ed2curve-0.3.0.tgz#322b575152a45305429d546b071823a93129a05d"
  integrity sha512-8w2fmmq3hv9rCrcI7g9hms2pMunQr1JINfcjwR9tAyZqhtyaMN991lF/ZfHfr5tzZQ8c7y7aBgZbjfbd0fjFwQ==
  dependencies:
    tweetnacl "1.x.x"

elliptic@^6.5.4:
  version "6.5.4"
  resolved "https://registry.yarnpkg.com/elliptic/-/elliptic-6.5.4.tgz#da37cebd31e79a1367e941b592ed1fbebd58abbb"
  integrity sha512-iLhC6ULemrljPZb+QutR5TQGB+pdW6KGD5RSegS+8sorOZT+rdQFbsQFJgvN3eRqNALqJer4oQ16YvJHlU8hzQ==
  dependencies:
    bn.js "^4.11.9"
    brorand "^1.1.0"
    hash.js "^1.0.0"
    hmac-drbg "^1.0.1"
    inherits "^2.0.4"
    minimalistic-assert "^1.0.1"
    minimalistic-crypto-utils "^1.0.1"

es5-ext@^0.10.35, es5-ext@^0.10.50:
  version "0.10.62"
  resolved "https://registry.yarnpkg.com/es5-ext/-/es5-ext-0.10.62.tgz#5e6adc19a6da524bf3d1e02bbc8960e5eb49a9a5"
  integrity sha512-BHLqn0klhEpnOKSrzn/Xsz2UIW8j+cGmo9JLzr8BiUapV8hPL9+FliFqjwr9ngW7jWdnxv6eO+/LqyhJVqgrjA==
  dependencies:
    es6-iterator "^2.0.3"
    es6-symbol "^3.1.3"
    next-tick "^1.1.0"

es6-iterator@^2.0.3:
  version "2.0.3"
  resolved "https://registry.yarnpkg.com/es6-iterator/-/es6-iterator-2.0.3.tgz#a7de889141a05a94b0854403b2d0a0fbfa98f3b7"
  integrity sha512-zw4SRzoUkd+cl+ZoE15A9o1oQd920Bb0iOJMQkQhl3jNc03YqVjAhG7scf9C5KWRU/R13Orf588uCC6525o02g==
  dependencies:
    d "1"
    es5-ext "^0.10.35"
    es6-symbol "^3.1.1"

es6-symbol@^3.1.1, es6-symbol@^3.1.3:
  version "3.1.3"
  resolved "https://registry.yarnpkg.com/es6-symbol/-/es6-symbol-3.1.3.tgz#bad5d3c1bcdac28269f4cb331e431c78ac705d18"
  integrity sha512-NJ6Yn3FuDinBaBRWl/q5X/s4koRHBrgKAu+yGI6JCBeiu3qrcbJhwT2GeR/EXVfylRk8dpQVJoLEFhK+Mu31NA==
  dependencies:
    d "^1.0.1"
    ext "^1.1.2"

eventemitter3@^4.0.7:
  version "4.0.7"
  resolved "https://registry.yarnpkg.com/eventemitter3/-/eventemitter3-4.0.7.tgz#2de9b68f6528d5644ef5c59526a1b4a07306169f"
  integrity sha512-8guHBZCwKnFhYdHr2ysuRWErTwhoN2X8XELRlrRwpmfeY2jjuUN4taQMsULKUVo1K4DvZl+0pgfyoysHxvmvEw==

ext@^1.1.2:
  version "1.7.0"
  resolved "https://registry.yarnpkg.com/ext/-/ext-1.7.0.tgz#0ea4383c0103d60e70be99e9a7f11027a33c4f5f"
  integrity sha512-6hxeJYaL110a9b5TEJSj0gojyHQAmA2ch5Os+ySCiA1QGdS697XWY1pzsrSjqA9LDEEgdB/KypIlR59RcLuHYw==
  dependencies:
    type "^2.7.2"

fetch-blob@^3.1.2, fetch-blob@^3.1.4:
  version "3.2.0"
  resolved "https://registry.yarnpkg.com/fetch-blob/-/fetch-blob-3.2.0.tgz#f09b8d4bbd45adc6f0c20b7e787e793e309dcce9"
  integrity sha512-7yAQpD2UMJzLi1Dqv7qFYnPbaPx7ZfFK6PiIxQ4PfkGPyNyl2Ugx+a/umUonmKqjhM4DnfbMvdX6otXq83soQQ==
  dependencies:
    node-domexception "^1.0.0"
    web-streams-polyfill "^3.0.3"

follow-redirects@^1.14.4:
  version "1.15.2"
  resolved "https://registry.yarnpkg.com/follow-redirects/-/follow-redirects-1.15.2.tgz#b460864144ba63f2681096f274c4e57026da2c13"
  integrity sha512-VQLG33o04KaQ8uYi2tVNbdrWp1QWxNNea+nmIB4EVM28v0hmP17z7aG1+wAkNzVq4KeXTq3221ye5qTJP91JwA==

form-data@^3.0.0:
  version "3.0.1"
  resolved "https://registry.yarnpkg.com/form-data/-/form-data-3.0.1.tgz#ebd53791b78356a99af9a300d4282c4d5eb9755f"
  integrity sha512-RHkBKtLWUVwd7SqRIvCZMEvAMoGUp0XU+seQiZejj0COz3RI3hWP4sCv3gZWWLjJTd7rGwcsF5eKZGii0r/hbg==
  dependencies:
    asynckit "^0.4.0"
    combined-stream "^1.0.8"
    mime-types "^2.1.12"

formdata-polyfill@^4.0.10:
  version "4.0.10"
  resolved "https://registry.yarnpkg.com/formdata-polyfill/-/formdata-polyfill-4.0.10.tgz#24807c31c9d402e002ab3d8c720144ceb8848423"
  integrity sha512-buewHzMvYL29jdeQTVILecSaZKnt/RJWjoZCF5OW60Z67/GmSLBkOFM7qh1PI3zFNtJbaZL5eQu1vLfazOwj4g==
  dependencies:
    fetch-blob "^3.1.2"

futoin-hkdf@^1.5.1:
  version "1.5.1"
  resolved "https://registry.yarnpkg.com/futoin-hkdf/-/futoin-hkdf-1.5.1.tgz#141f00427bc9950b38a42aa786b99c318b9b688d"
  integrity sha512-g5d0Qp7ks55hYmYmfqn4Nz18XH49lcCR+vvIvHT92xXnsJaGZmY1EtWQWilJ6BQp57heCIXM/rRo+AFep8hGgg==

hash.js@^1.0.0, hash.js@^1.0.3:
  version "1.1.7"
  resolved "https://registry.yarnpkg.com/hash.js/-/hash.js-1.1.7.tgz#0babca538e8d4ee4a0f8988d68866537a003cf42"
  integrity sha512-taOaskGt4z4SOANNseOviYDvjEJinIkRgmp7LbKP2YTTmVxWBl87s/uzK9r+44BclBSp2X7K1hqeNfz9JbBeXA==
  dependencies:
    inherits "^2.0.3"
    minimalistic-assert "^1.0.1"

hmac-drbg@^1.0.1:
  version "1.0.1"
  resolved "https://registry.yarnpkg.com/hmac-drbg/-/hmac-drbg-1.0.1.tgz#d2745701025a6c775a6c545793ed502fc0c649a1"
  integrity sha512-Tti3gMqLdZfhOQY1Mzf/AanLiqh1WTiJgEj26ZuYQ9fbkLomzGchCws4FyrSd4VkpBfiNhaE1On+lOz894jvXg==
  dependencies:
    hash.js "^1.0.3"
    minimalistic-assert "^1.0.0"
    minimalistic-crypto-utils "^1.0.1"

inherits@^2.0.3, inherits@^2.0.4:
  version "2.0.4"
  resolved "https://registry.yarnpkg.com/inherits/-/inherits-2.0.4.tgz#0fa2c64f932917c3433a0ded55363aae37416b7c"
  integrity sha512-k/vGaX4/Yla3WzyMCvTQOXYeIHvqOKtnqBduzTHpzpQZzAskKMhZ2K+EnBiSM9zGSoIFeMpXKxa4dYeZIQqewQ==

is-typedarray@^1.0.0:
  version "1.0.0"
  resolved "https://registry.yarnpkg.com/is-typedarray/-/is-typedarray-1.0.0.tgz#e479c80858df0c1b11ddda6940f96011fcda4a9a"
  integrity sha512-cyA56iCMHAh5CdzjJIa4aohJyeO1YbwLi3Jc35MmRU6poroFjIGZzUzupGiRPOjgHg9TLu43xbpwXk523fMxKA==

json-stringify-safe@^5.0.1:
  version "5.0.1"
  resolved "https://registry.yarnpkg.com/json-stringify-safe/-/json-stringify-safe-5.0.1.tgz#1296a2d58fd45f19a0f6ce01d65701e2c735b6eb"
  integrity sha512-ZClg6AaYvamvYEE82d3Iyd3vSSIjQ+odgjaTzRuO3s7toCdFKczob2i0zCh7JE8kWn17yvAWhUVxvqGwUalsRA==

lodash@^4.17.21:
  version "4.17.21"
  resolved "https://registry.yarnpkg.com/lodash/-/lodash-4.17.21.tgz#679591c564c3bffaae8454cf0b3df370c3d6911c"
  integrity sha512-v2kDEe57lecTulaDIuNTPy3Ry4gLGJ6Z1O3vE1krgXZNrsQ+LFTGHVxVjcXPs17LhbZVGedAJv8XZ1tvj5FvSg==

mime-db@1.52.0:
  version "1.52.0"
  resolved "https://registry.yarnpkg.com/mime-db/-/mime-db-1.52.0.tgz#bbabcdc02859f4987301c856e3387ce5ec43bf70"
  integrity sha512-sPU4uV7dYlvtWJxwwxHD0PuihVNiE7TyAbQ5SWxDCB9mUYvOgroQOwYQQOKPJ8CIbE+1ETVlOoK1UC2nU3gYvg==

mime-types@^2.1.12:
  version "2.1.35"
  resolved "https://registry.yarnpkg.com/mime-types/-/mime-types-2.1.35.tgz#381a871b62a734450660ae3deee44813f70d959a"
  integrity sha512-ZDY+bPm5zTTF+YpCrAU9nK0UgICYPT0QtT1NZWFv4s++TNkcgVaT0g6+4R2uI4MjQjzysHB1zxuWL50hzaeXiw==
  dependencies:
    mime-db "1.52.0"

minimalistic-assert@^1.0.0, minimalistic-assert@^1.0.1:
  version "1.0.1"
  resolved "https://registry.yarnpkg.com/minimalistic-assert/-/minimalistic-assert-1.0.1.tgz#2e194de044626d4a10e7f7fbc00ce73e83e4d5c7"
  integrity sha512-UtJcAD4yEaGtjPezWuO9wC4nwUnVH/8/Im3yEHQP4b67cXlD/Qr9hdITCU1xDbSEXg2XKNaP8jsReV7vQd00/A==

minimalistic-crypto-utils@^1.0.1:
  version "1.0.1"
  resolved "https://registry.yarnpkg.com/minimalistic-crypto-utils/-/minimalistic-crypto-utils-1.0.1.tgz#f6c00c1c0b082246e5c4d99dfb8c7c083b2b582a"
  integrity sha512-JIYlbt6g8i5jKfJ3xz7rF0LXmv2TkDxBLUkiBeZ7bAx4GnnNMr8xFpGnOxn6GhTEHx3SjRrZEoU+j04prX1ktg==

mock-socket@^9.1.5:
  version "9.1.5"
  resolved "https://registry.yarnpkg.com/mock-socket/-/mock-socket-9.1.5.tgz#2c4e44922ad556843b6dfe09d14ed8041fa2cdeb"
  integrity sha512-3DeNIcsQixWHHKk6NdoBhWI4t1VMj5/HzfnI1rE/pLl5qKx7+gd4DNA07ehTaZ6MoUU053si6Hd+YtiM/tQZfg==

ms@2.0.0:
  version "2.0.0"
  resolved "https://registry.yarnpkg.com/ms/-/ms-2.0.0.tgz#5608aeadfc00be6c2901df5f9861788de0d597c8"
  integrity sha512-Tpp60P6IUJDTuOq/5Z8cdskzJujfwqfOTkrwIwj7IRISpnkJnT6SyJ4PCPnGMoFjC9ddhal5KVIYtAt97ix05A==

ms@2.1.2:
  version "2.1.2"
  resolved "https://registry.yarnpkg.com/ms/-/ms-2.1.2.tgz#d09d1f357b443f493382a8eb3ccd183872ae6009"
  integrity sha512-sGkPx+VjMtmA6MX27oA4FBFELFCZZ4S4XqeGOXCv68tT+jb3vk/RyaKWP0PTKyWtmLSM0b+adUTEvbs1PEaH2w==

next-tick@^1.1.0:
  version "1.1.0"
  resolved "https://registry.yarnpkg.com/next-tick/-/next-tick-1.1.0.tgz#1836ee30ad56d67ef281b22bd199f709449b35eb"
  integrity sha512-CXdUiJembsNjuToQvxayPZF9Vqht7hewsvy2sOWafLvi2awflj9mOC6bHIg50orX8IJvWKY9wYQ/zB2kogPslQ==

nock@^13.2.9:
  version "13.2.9"
  resolved "https://registry.yarnpkg.com/nock/-/nock-13.2.9.tgz#4faf6c28175d36044da4cfa68e33e5a15086ad4c"
  integrity sha512-1+XfJNYF1cjGB+TKMWi29eZ0b82QOvQs2YoLNzbpWGqFMtRQHTa57osqdGj4FrFPgkO4D4AZinzUJR9VvW3QUA==
  dependencies:
    debug "^4.1.0"
    json-stringify-safe "^5.0.1"
    lodash "^4.17.21"
    propagate "^2.0.0"

node-addon-api@^2.0.0:
  version "2.0.2"
  resolved "https://registry.yarnpkg.com/node-addon-api/-/node-addon-api-2.0.2.tgz#432cfa82962ce494b132e9d72a15b29f71ff5d32"
  integrity sha512-Ntyt4AIXyaLIuMHF6IOoTakB3K+RWxwtsHNRxllEoA6vPwP9o4866g6YWDLUdnucilZhmkxiHwHr11gAENw+QA==

node-domexception@^1.0.0:
  version "1.0.0"
  resolved "https://registry.yarnpkg.com/node-domexception/-/node-domexception-1.0.0.tgz#6888db46a1f71c0b76b3f7555016b63fe64766e5"
  integrity sha512-/jKZoMpw0F8GRwl4/eLROPA3cfcXtLApP0QzLmUT/HuPCZWyB7IY9ZrMeKw2O/nFIqPQB3PVM9aYm0F312AXDQ==

node-fetch@^3.2.10:
  version "3.2.10"
  resolved "https://registry.yarnpkg.com/node-fetch/-/node-fetch-3.2.10.tgz#e8347f94b54ae18b57c9c049ef641cef398a85c8"
  integrity sha512-MhuzNwdURnZ1Cp4XTazr69K0BTizsBroX7Zx3UgDSVcZYKF/6p0CBe4EUb/hLqmzVhl0UpYfgRljQ4yxE+iCxA==
  dependencies:
    data-uri-to-buffer "^4.0.0"
    fetch-blob "^3.1.4"
    formdata-polyfill "^4.0.10"

node-gyp-build@^4.2.0, node-gyp-build@^4.3.0:
  version "4.5.0"
  resolved "https://registry.yarnpkg.com/node-gyp-build/-/node-gyp-build-4.5.0.tgz#7a64eefa0b21112f89f58379da128ac177f20e40"
  integrity sha512-2iGbaQBV+ITgCz76ZEjmhUKAKVf7xfY1sRl4UiKQspfZMH2h06SyhNsnSVy50cwkFQDGLyif6m/6uFXHkOZ6rg==

pako@^2.0.4:
  version "2.0.4"
  resolved "https://registry.yarnpkg.com/pako/-/pako-2.0.4.tgz#6cebc4bbb0b6c73b0d5b8d7e8476e2b2fbea576d"
  integrity sha512-v8tweI900AUkZN6heMU/4Uy4cXRc2AYNRggVmTR+dEncawDJgCdLMximOVA2p4qO57WMynangsfGRb5WD6L1Bg==

propagate@^2.0.0:
  version "2.0.1"
  resolved "https://registry.yarnpkg.com/propagate/-/propagate-2.0.1.tgz#40cdedab18085c792334e64f0ac17256d38f9a45"
  integrity sha512-vGrhOavPSTz4QVNuBNdcNXePNdNMaO1xj9yBeH1ScQPjk/rhg9sSlCXPhMkFuaNNW/syTvYqsnbIJxMBfRbbag==

regenerator-runtime@^0.13.4:
  version "0.13.10"
  resolved "https://registry.yarnpkg.com/regenerator-runtime/-/regenerator-runtime-0.13.10.tgz#ed07b19616bcbec5da6274ebc75ae95634bfc2ee"
  integrity sha512-KepLsg4dU12hryUO7bp/axHAKvwGOCV0sGloQtpagJ12ai+ojVDqkeGSiRX1zlq+kjIMZ1t7gpze+26QqtdGqw==

rxjs@^7.5.7:
  version "7.5.7"
  resolved "https://registry.yarnpkg.com/rxjs/-/rxjs-7.5.7.tgz#2ec0d57fdc89ece220d2e702730ae8f1e49def39"
  integrity sha512-z9MzKh/UcOqB3i20H6rtrlaE/CgjLOvheWK/9ILrbhROGTweAi1BaFsTT9FbwZi5Trr1qNRs+MXkhmR06awzQA==
  dependencies:
    tslib "^2.1.0"

secp256k1@^4.0.3:
  version "4.0.3"
  resolved "https://registry.yarnpkg.com/secp256k1/-/secp256k1-4.0.3.tgz#c4559ecd1b8d3c1827ed2d1b94190d69ce267303"
  integrity sha512-NLZVf+ROMxwtEj3Xa562qgv2BK5e2WNmXPiOdVIPLgs6lyTzMvBq0aWTYMI5XCP9jZMVKOcqZLw/Wc4vDkuxhA==
  dependencies:
    elliptic "^6.5.4"
    node-addon-api "^2.0.0"
    node-gyp-build "^4.2.0"

tslib@^2.1.0:
  version "2.4.0"
  resolved "https://registry.yarnpkg.com/tslib/-/tslib-2.4.0.tgz#7cecaa7f073ce680a05847aa77be941098f36dc3"
  integrity sha512-d6xOpEDfsi2CZVlPQzGeux8XMwLT9hssAsaPYExaQMuYskwb+x1x7J371tWlbBdWHroy99KnVB6qIkUbs5X3UQ==

tweetnacl@1.x.x, tweetnacl@^1.0.3:
  version "1.0.3"
  resolved "https://registry.yarnpkg.com/tweetnacl/-/tweetnacl-1.0.3.tgz#ac0af71680458d8a6378d0d0d050ab1407d35596"
  integrity sha512-6rt+RN7aOi1nGMyC4Xa5DdYiukl2UWCbcJft7YhxReBGQD7OAM8Pbxw6YMo4r2diNEA8FEmu32YOn9rhaiE5yw==

type@^1.0.1:
  version "1.2.0"
  resolved "https://registry.yarnpkg.com/type/-/type-1.2.0.tgz#848dd7698dafa3e54a6c479e759c4bc3f18847a0"
  integrity sha512-+5nt5AAniqsCnu2cEQQdpzCAh33kVx8n0VoFidKpB1dVVLAN/F+bgVOqOJqOnEnrhp222clB5p3vUlD+1QAnfg==

type@^2.7.2:
  version "2.7.2"
  resolved "https://registry.yarnpkg.com/type/-/type-2.7.2.tgz#2376a15a3a28b1efa0f5350dcf72d24df6ef98d0"
  integrity sha512-dzlvlNlt6AXU7EBSfpAscydQ7gXB+pPGsPnfJnZpiNJBDj7IaJzQlBZYGdEi4R9HmPdBv2XmWJ6YUtoTa7lmCw==

typedarray-to-buffer@^3.1.5:
  version "3.1.5"
  resolved "https://registry.yarnpkg.com/typedarray-to-buffer/-/typedarray-to-buffer-3.1.5.tgz#a97ee7a9ff42691b9f783ff1bc5112fe3fca9080"
  integrity sha512-zdu8XMNEDepKKR+XYOXAVPtWui0ly0NtohUscw+UmaHiAWT8hrV1rr//H6V+0DvJ3OQ19S979M0laLfX8rm82Q==
  dependencies:
    is-typedarray "^1.0.0"

utf-8-validate@^5.0.2:
  version "5.0.9"
  resolved "https://registry.yarnpkg.com/utf-8-validate/-/utf-8-validate-5.0.9.tgz#ba16a822fbeedff1a58918f2a6a6b36387493ea3"
  integrity sha512-Yek7dAy0v3Kl0orwMlvi7TPtiCNrdfHNd7Gcc/pLq4BLXqfAmd0J7OWMizUQnTTJsyjKn02mU7anqwfmUP4J8Q==
  dependencies:
    node-gyp-build "^4.3.0"

web-streams-polyfill@^3.0.3:
  version "3.2.1"
  resolved "https://registry.yarnpkg.com/web-streams-polyfill/-/web-streams-polyfill-3.2.1.tgz#71c2718c52b45fd49dbeee88634b3a60ceab42a6"
  integrity sha512-e0MO3wdXWKrLbL0DgGnUV7WHVuw9OUvL4hjgnPkIeEvESk74gAITi5G606JtZPp39cd8HA9VQzCIvA49LpPN5Q==

websocket@^1.0.34:
  version "1.0.34"
  resolved "https://registry.yarnpkg.com/websocket/-/websocket-1.0.34.tgz#2bdc2602c08bf2c82253b730655c0ef7dcab3111"
  integrity sha512-PRDso2sGwF6kM75QykIesBijKSVceR6jL2G8NGYyq2XrItNC2P5/qL5XeR056GhA+Ly7JMFvJb9I312mJfmqnQ==
  dependencies:
    bufferutil "^4.0.1"
    debug "^2.2.0"
    es5-ext "^0.10.50"
    typedarray-to-buffer "^3.1.5"
    utf-8-validate "^5.0.2"
    yaeti "^0.0.6"

ws@^8.8.1:
  version "8.9.0"
  resolved "https://registry.yarnpkg.com/ws/-/ws-8.9.0.tgz#2a994bb67144be1b53fe2d23c53c028adeb7f45e"
  integrity sha512-Ja7nszREasGaYUYCI2k4lCKIRTt+y7XuqVoHR44YpI49TtryyqbqvDMn5eqfW7e6HzTukDRIsXqzVHScqRcafg==

yaeti@^0.0.6:
  version "0.0.6"
  resolved "https://registry.yarnpkg.com/yaeti/-/yaeti-0.0.6.tgz#f26f484d72684cf42bedfb76970aa1608fbf9577"
  integrity sha512-MvQa//+KcZCUkBTIC9blM+CU9J2GzuTytsOUwf2lidtvkx/6gnEp1QvJv34t9vdjhFmha/mUiNDbN0D0mJWdug==
